// !$*UTF8*$!
{
	archiveVersion = 1;
	classes = {
	};
	objectVersion = 50;
	objects = {

/* Begin PBXBuildFile section */
		7109F9DD20D8CDD40075BCA7 /* Social.framework in Frameworks */ = {isa = PBXBuildFile; fileRef = 7109F9DC20D8CDD40075BCA7 /* Social.framework */; };
		7109F9DF20D8CDDB0075BCA7 /* Accounts.framework in Frameworks */ = {isa = PBXBuildFile; fileRef = 7109F9DE20D8CDDB0075BCA7 /* Accounts.framework */; };
		7166A4B320DE503E0000B69F /* share.png in Resources */ = {isa = PBXBuildFile; fileRef = 7166A4B220DE503E0000B69F /* share.png */; };
		7166A4B820DF34BD0000B69F /* Localizable.strings in Resources */ = {isa = PBXBuildFile; fileRef = 7166A4BA20DF34BD0000B69F /* Localizable.strings */; };
		71A7DAA720DB7798003C1F6A /* ant.png in Resources */ = {isa = PBXBuildFile; fileRef = 71A7DAA620DB7797003C1F6A /* ant.png */; };
		71A7DAA920DB7879003C1F6A /* donutButton.png in Resources */ = {isa = PBXBuildFile; fileRef = 71A7DAA820DB7879003C1F6A /* donutButton.png */; };
		71A7DAAB20DB78AD003C1F6A /* antbutton.png in Resources */ = {isa = PBXBuildFile; fileRef = 71A7DAAA20DB78AD003C1F6A /* antbutton.png */; };
		71A7DAAD20DB78BC003C1F6A /* chalk.png in Resources */ = {isa = PBXBuildFile; fileRef = 71A7DAAC20DB78BC003C1F6A /* chalk.png */; };
		71A7DAAF20DB78D6003C1F6A /* donut.png in Resources */ = {isa = PBXBuildFile; fileRef = 71A7DAAE20DB78D6003C1F6A /* donut.png */; };
		71A7DAB120DB78E2003C1F6A /* donut2.png in Resources */ = {isa = PBXBuildFile; fileRef = 71A7DAB020DB78E1003C1F6A /* donut2.png */; };
		71A7DAB320DB78FF003C1F6A /* ant2.png in Resources */ = {isa = PBXBuildFile; fileRef = 71A7DAB220DB78FE003C1F6A /* ant2.png */; };
		71A7DAB520DB7909003C1F6A /* ant3.png in Resources */ = {isa = PBXBuildFile; fileRef = 71A7DAB420DB7909003C1F6A /* ant3.png */; };
		71A7DAB720DB7912003C1F6A /* ant4.png in Resources */ = {isa = PBXBuildFile; fileRef = 71A7DAB620DB7912003C1F6A /* ant4.png */; };
		71BA568B20C7C4A8000147A1 /* AppDelegate.swift in Sources */ = {isa = PBXBuildFile; fileRef = 71BA568A20C7C4A8000147A1 /* AppDelegate.swift */; };
		71BA568D20C7C4A8000147A1 /* GameScene.sks in Resources */ = {isa = PBXBuildFile; fileRef = 71BA568C20C7C4A8000147A1 /* GameScene.sks */; };
		71BA568F20C7C4A8000147A1 /* Actions.sks in Resources */ = {isa = PBXBuildFile; fileRef = 71BA568E20C7C4A8000147A1 /* Actions.sks */; };
		71BA569120C7C4A8000147A1 /* GameScene.swift in Sources */ = {isa = PBXBuildFile; fileRef = 71BA569020C7C4A8000147A1 /* GameScene.swift */; };
		71BA569320C7C4A8000147A1 /* GameViewController.swift in Sources */ = {isa = PBXBuildFile; fileRef = 71BA569220C7C4A8000147A1 /* GameViewController.swift */; };
		71BA569620C7C4A8000147A1 /* Main.storyboard in Resources */ = {isa = PBXBuildFile; fileRef = 71BA569420C7C4A8000147A1 /* Main.storyboard */; };
		71BA569820C7C4A9000147A1 /* Assets.xcassets in Resources */ = {isa = PBXBuildFile; fileRef = 71BA569720C7C4A9000147A1 /* Assets.xcassets */; };
		71BA569B20C7C4A9000147A1 /* LaunchScreen.storyboard in Resources */ = {isa = PBXBuildFile; fileRef = 71BA569920C7C4A9000147A1 /* LaunchScreen.storyboard */; };
		71BA56A620C7C4A9000147A1 /* ANTTests.swift in Sources */ = {isa = PBXBuildFile; fileRef = 71BA56A520C7C4A9000147A1 /* ANTTests.swift */; };
		71BA56B120C7C4A9000147A1 /* ANTUITests.swift in Sources */ = {isa = PBXBuildFile; fileRef = 71BA56B020C7C4A9000147A1 /* ANTUITests.swift */; };
/* End PBXBuildFile section */

/* Begin PBXContainerItemProxy section */
		71BA56A220C7C4A9000147A1 /* PBXContainerItemProxy */ = {
			isa = PBXContainerItemProxy;
			containerPortal = 71BA567F20C7C4A8000147A1 /* Project object */;
			proxyType = 1;
			remoteGlobalIDString = 71BA568620C7C4A8000147A1;
			remoteInfo = ANT;
		};
		71BA56AD20C7C4A9000147A1 /* PBXContainerItemProxy */ = {
			isa = PBXContainerItemProxy;
			containerPortal = 71BA567F20C7C4A8000147A1 /* Project object */;
			proxyType = 1;
			remoteGlobalIDString = 71BA568620C7C4A8000147A1;
			remoteInfo = ANT;
		};
/* End PBXContainerItemProxy section */

/* Begin PBXFileReference section */
		7109F9DC20D8CDD40075BCA7 /* Social.framework */ = {isa = PBXFileReference; lastKnownFileType = wrapper.framework; name = Social.framework; path = System/Library/Frameworks/Social.framework; sourceTree = SDKROOT; };
		7109F9DE20D8CDDB0075BCA7 /* Accounts.framework */ = {isa = PBXFileReference; lastKnownFileType = wrapper.framework; name = Accounts.framework; path = System/Library/Frameworks/Accounts.framework; sourceTree = SDKROOT; };
		7166A4B220DE503E0000B69F /* share.png */ = {isa = PBXFileReference; lastKnownFileType = image.png; name = share.png; path = ../../../../Downloads/share.png; sourceTree = "<group>"; };
		7166A4BB20DF352C0000B69F /* Base */ = {isa = PBXFileReference; lastKnownFileType = text.plist.strings; name = Base; path = Base.lproj/Localizable.strings; sourceTree = "<group>"; };
		7166A4C320DF432A0000B69F /* ja */ = {isa = PBXFileReference; lastKnownFileType = text.plist.strings; name = ja; path = ja.lproj/Main.strings; sourceTree = "<group>"; };
		7166A4C420DF432A0000B69F /* ja */ = {isa = PBXFileReference; lastKnownFileType = text.plist.strings; name = ja; path = ja.lproj/LaunchScreen.strings; sourceTree = "<group>"; };
		7166A4C520DF43420000B69F /* ja */ = {isa = PBXFileReference; lastKnownFileType = text.plist.strings; name = ja; path = ja.lproj/Localizable.strings; sourceTree = "<group>"; };
		71A7DAA620DB7797003C1F6A /* ant.png */ = {isa = PBXFileReference; lastKnownFileType = image.png; path = ant.png; sourceTree = "<group>"; };
		71A7DAA820DB7879003C1F6A /* donutButton.png */ = {isa = PBXFileReference; lastKnownFileType = image.png; path = donutButton.png; sourceTree = "<group>"; };
		71A7DAAA20DB78AD003C1F6A /* antbutton.png */ = {isa = PBXFileReference; lastKnownFileType = image.png; path = antbutton.png; sourceTree = "<group>"; };
		71A7DAAC20DB78BC003C1F6A /* chalk.png */ = {isa = PBXFileReference; lastKnownFileType = image.png; path = chalk.png; sourceTree = "<group>"; };
		71A7DAAE20DB78D6003C1F6A /* donut.png */ = {isa = PBXFileReference; lastKnownFileType = image.png; path = donut.png; sourceTree = "<group>"; };
		71A7DAB020DB78E1003C1F6A /* donut2.png */ = {isa = PBXFileReference; lastKnownFileType = image.png; path = donut2.png; sourceTree = "<group>"; };
		71A7DAB220DB78FE003C1F6A /* ant2.png */ = {isa = PBXFileReference; lastKnownFileType = image.png; path = ant2.png; sourceTree = "<group>"; };
		71A7DAB420DB7909003C1F6A /* ant3.png */ = {isa = PBXFileReference; lastKnownFileType = image.png; path = ant3.png; sourceTree = "<group>"; };
		71A7DAB620DB7912003C1F6A /* ant4.png */ = {isa = PBXFileReference; lastKnownFileType = image.png; path = ant4.png; sourceTree = "<group>"; };
		71BA568720C7C4A8000147A1 /* ANT.app */ = {isa = PBXFileReference; explicitFileType = wrapper.application; includeInIndex = 0; path = ANT.app; sourceTree = BUILT_PRODUCTS_DIR; };
		71BA568A20C7C4A8000147A1 /* AppDelegate.swift */ = {isa = PBXFileReference; lastKnownFileType = sourcecode.swift; path = AppDelegate.swift; sourceTree = "<group>"; };
		71BA568C20C7C4A8000147A1 /* GameScene.sks */ = {isa = PBXFileReference; lastKnownFileType = file.sks; path = GameScene.sks; sourceTree = "<group>"; };
		71BA568E20C7C4A8000147A1 /* Actions.sks */ = {isa = PBXFileReference; lastKnownFileType = file.sks; path = Actions.sks; sourceTree = "<group>"; };
		71BA569020C7C4A8000147A1 /* GameScene.swift */ = {isa = PBXFileReference; lastKnownFileType = sourcecode.swift; path = GameScene.swift; sourceTree = "<group>"; };
		71BA569220C7C4A8000147A1 /* GameViewController.swift */ = {isa = PBXFileReference; lastKnownFileType = sourcecode.swift; path = GameViewController.swift; sourceTree = "<group>"; };
		71BA569520C7C4A8000147A1 /* Base */ = {isa = PBXFileReference; lastKnownFileType = file.storyboard; name = Base; path = Base.lproj/Main.storyboard; sourceTree = "<group>"; };
		71BA569720C7C4A9000147A1 /* Assets.xcassets */ = {isa = PBXFileReference; lastKnownFileType = folder.assetcatalog; path = Assets.xcassets; sourceTree = "<group>"; };
		71BA569A20C7C4A9000147A1 /* Base */ = {isa = PBXFileReference; lastKnownFileType = file.storyboard; name = Base; path = Base.lproj/LaunchScreen.storyboard; sourceTree = "<group>"; };
		71BA569C20C7C4A9000147A1 /* Info.plist */ = {isa = PBXFileReference; lastKnownFileType = text.plist.xml; path = Info.plist; sourceTree = "<group>"; };
		71BA56A120C7C4A9000147A1 /* ANTTests.xctest */ = {isa = PBXFileReference; explicitFileType = wrapper.cfbundle; includeInIndex = 0; path = ANTTests.xctest; sourceTree = BUILT_PRODUCTS_DIR; };
		71BA56A520C7C4A9000147A1 /* ANTTests.swift */ = {isa = PBXFileReference; lastKnownFileType = sourcecode.swift; path = ANTTests.swift; sourceTree = "<group>"; };
		71BA56A720C7C4A9000147A1 /* Info.plist */ = {isa = PBXFileReference; lastKnownFileType = text.plist.xml; path = Info.plist; sourceTree = "<group>"; };
		71BA56AC20C7C4A9000147A1 /* ANTUITests.xctest */ = {isa = PBXFileReference; explicitFileType = wrapper.cfbundle; includeInIndex = 0; path = ANTUITests.xctest; sourceTree = BUILT_PRODUCTS_DIR; };
		71BA56B020C7C4A9000147A1 /* ANTUITests.swift */ = {isa = PBXFileReference; lastKnownFileType = sourcecode.swift; path = ANTUITests.swift; sourceTree = "<group>"; };
		71BA56B220C7C4A9000147A1 /* Info.plist */ = {isa = PBXFileReference; lastKnownFileType = text.plist.xml; path = Info.plist; sourceTree = "<group>"; };
/* End PBXFileReference section */

/* Begin PBXFrameworksBuildPhase section */
		71BA568420C7C4A8000147A1 /* Frameworks */ = {
			isa = PBXFrameworksBuildPhase;
			buildActionMask = 2147483647;
			files = (
				7109F9DF20D8CDDB0075BCA7 /* Accounts.framework in Frameworks */,
				7109F9DD20D8CDD40075BCA7 /* Social.framework in Frameworks */,
			);
			runOnlyForDeploymentPostprocessing = 0;
		};
		71BA569E20C7C4A9000147A1 /* Frameworks */ = {
			isa = PBXFrameworksBuildPhase;
			buildActionMask = 2147483647;
			files = (
			);
			runOnlyForDeploymentPostprocessing = 0;
		};
		71BA56A920C7C4A9000147A1 /* Frameworks */ = {
			isa = PBXFrameworksBuildPhase;
			buildActionMask = 2147483647;
			files = (
			);
			runOnlyForDeploymentPostprocessing = 0;
		};
/* End PBXFrameworksBuildPhase section */

/* Begin PBXGroup section */
		7109F9DB20D8CDD40075BCA7 /* Frameworks */ = {
			isa = PBXGroup;
			children = (
				7109F9DE20D8CDDB0075BCA7 /* Accounts.framework */,
				7109F9DC20D8CDD40075BCA7 /* Social.framework */,
			);
			name = Frameworks;
			sourceTree = "<group>";
		};
		71BA567E20C7C4A8000147A1 = {
			isa = PBXGroup;
			children = (
				71BA568920C7C4A8000147A1 /* ANT */,
				71BA56A420C7C4A9000147A1 /* ANTTests */,
				71BA56AF20C7C4A9000147A1 /* ANTUITests */,
				71BA568820C7C4A8000147A1 /* Products */,
				7109F9DB20D8CDD40075BCA7 /* Frameworks */,
			);
			sourceTree = "<group>";
		};
		71BA568820C7C4A8000147A1 /* Products */ = {
			isa = PBXGroup;
			children = (
				71BA568720C7C4A8000147A1 /* ANT.app */,
				71BA56A120C7C4A9000147A1 /* ANTTests.xctest */,
				71BA56AC20C7C4A9000147A1 /* ANTUITests.xctest */,
			);
			name = Products;
			sourceTree = "<group>";
		};
		71BA568920C7C4A8000147A1 /* ANT */ = {
			isa = PBXGroup;
			children = (
				71BA568A20C7C4A8000147A1 /* AppDelegate.swift */,
				71BA568C20C7C4A8000147A1 /* GameScene.sks */,
				71BA568E20C7C4A8000147A1 /* Actions.sks */,
				71BA569020C7C4A8000147A1 /* GameScene.swift */,
				7166A4BA20DF34BD0000B69F /* Localizable.strings */,
				71BA569220C7C4A8000147A1 /* GameViewController.swift */,
				71A7DAA820DB7879003C1F6A /* donutButton.png */,
				71A7DAAA20DB78AD003C1F6A /* antbutton.png */,
				71A7DAAC20DB78BC003C1F6A /* chalk.png */,
				71A7DAAE20DB78D6003C1F6A /* donut.png */,
				71A7DAB020DB78E1003C1F6A /* donut2.png */,
				71A7DAA620DB7797003C1F6A /* ant.png */,
				7166A4B220DE503E0000B69F /* share.png */,
				71A7DAB220DB78FE003C1F6A /* ant2.png */,
				71A7DAB420DB7909003C1F6A /* ant3.png */,
				71A7DAB620DB7912003C1F6A /* ant4.png */,
				71BA569420C7C4A8000147A1 /* Main.storyboard */,
				71BA569720C7C4A9000147A1 /* Assets.xcassets */,
				71BA569920C7C4A9000147A1 /* LaunchScreen.storyboard */,
				71BA569C20C7C4A9000147A1 /* Info.plist */,
			);
			path = ANT;
			sourceTree = "<group>";
		};
		71BA56A420C7C4A9000147A1 /* ANTTests */ = {
			isa = PBXGroup;
			children = (
				71BA56A520C7C4A9000147A1 /* ANTTests.swift */,
				71BA56A720C7C4A9000147A1 /* Info.plist */,
			);
			path = ANTTests;
			sourceTree = "<group>";
		};
		71BA56AF20C7C4A9000147A1 /* ANTUITests */ = {
			isa = PBXGroup;
			children = (
				71BA56B020C7C4A9000147A1 /* ANTUITests.swift */,
				71BA56B220C7C4A9000147A1 /* Info.plist */,
			);
			path = ANTUITests;
			sourceTree = "<group>";
		};
/* End PBXGroup section */

/* Begin PBXNativeTarget section */
		71BA568620C7C4A8000147A1 /* ANT */ = {
			isa = PBXNativeTarget;
			buildConfigurationList = 71BA56B520C7C4A9000147A1 /* Build configuration list for PBXNativeTarget "ANT" */;
			buildPhases = (
				71BA568320C7C4A8000147A1 /* Sources */,
				71BA568420C7C4A8000147A1 /* Frameworks */,
				71BA568520C7C4A8000147A1 /* Resources */,
			);
			buildRules = (
			);
			dependencies = (
			);
			name = ANT;
			productName = ANT;
			productReference = 71BA568720C7C4A8000147A1 /* ANT.app */;
			productType = "com.apple.product-type.application";
		};
		71BA56A020C7C4A9000147A1 /* ANTTests */ = {
			isa = PBXNativeTarget;
			buildConfigurationList = 71BA56B820C7C4A9000147A1 /* Build configuration list for PBXNativeTarget "ANTTests" */;
			buildPhases = (
				71BA569D20C7C4A9000147A1 /* Sources */,
				71BA569E20C7C4A9000147A1 /* Frameworks */,
				71BA569F20C7C4A9000147A1 /* Resources */,
			);
			buildRules = (
			);
			dependencies = (
				71BA56A320C7C4A9000147A1 /* PBXTargetDependency */,
			);
			name = ANTTests;
			productName = ANTTests;
			productReference = 71BA56A120C7C4A9000147A1 /* ANTTests.xctest */;
			productType = "com.apple.product-type.bundle.unit-test";
		};
		71BA56AB20C7C4A9000147A1 /* ANTUITests */ = {
			isa = PBXNativeTarget;
			buildConfigurationList = 71BA56BB20C7C4A9000147A1 /* Build configuration list for PBXNativeTarget "ANTUITests" */;
			buildPhases = (
				71BA56A820C7C4A9000147A1 /* Sources */,
				71BA56A920C7C4A9000147A1 /* Frameworks */,
				71BA56AA20C7C4A9000147A1 /* Resources */,
			);
			buildRules = (
			);
			dependencies = (
				71BA56AE20C7C4A9000147A1 /* PBXTargetDependency */,
			);
			name = ANTUITests;
			productName = ANTUITests;
			productReference = 71BA56AC20C7C4A9000147A1 /* ANTUITests.xctest */;
			productType = "com.apple.product-type.bundle.ui-testing";
		};
/* End PBXNativeTarget section */

/* Begin PBXProject section */
		71BA567F20C7C4A8000147A1 /* Project object */ = {
			isa = PBXProject;
			attributes = {
				LastSwiftUpdateCheck = 0930;
				LastUpgradeCheck = 0930;
				ORGANIZATIONNAME = "吉永秀和";
				TargetAttributes = {
					71BA568620C7C4A8000147A1 = {
						CreatedOnToolsVersion = 9.3.1;
					};
					71BA56A020C7C4A9000147A1 = {
						CreatedOnToolsVersion = 9.3.1;
						TestTargetID = 71BA568620C7C4A8000147A1;
					};
					71BA56AB20C7C4A9000147A1 = {
						CreatedOnToolsVersion = 9.3.1;
						TestTargetID = 71BA568620C7C4A8000147A1;
					};
				};
			};
			buildConfigurationList = 71BA568220C7C4A8000147A1 /* Build configuration list for PBXProject "ANT" */;
			compatibilityVersion = "Xcode 9.3";
			developmentRegion = en;
			hasScannedForEncodings = 0;
			knownRegions = (
				Base,
				ja,
			);
			mainGroup = 71BA567E20C7C4A8000147A1;
			productRefGroup = 71BA568820C7C4A8000147A1 /* Products */;
			projectDirPath = "";
			projectRoot = "";
			targets = (
				71BA568620C7C4A8000147A1 /* ANT */,
				71BA56A020C7C4A9000147A1 /* ANTTests */,
				71BA56AB20C7C4A9000147A1 /* ANTUITests */,
			);
		};
/* End PBXProject section */

/* Begin PBXResourcesBuildPhase section */
		71BA568520C7C4A8000147A1 /* Resources */ = {
			isa = PBXResourcesBuildPhase;
			buildActionMask = 2147483647;
			files = (
				71BA569620C7C4A8000147A1 /* Main.storyboard in Resources */,
				71A7DAB520DB7909003C1F6A /* ant3.png in Resources */,
				71BA568D20C7C4A8000147A1 /* GameScene.sks in Resources */,
				71A7DAAD20DB78BC003C1F6A /* chalk.png in Resources */,
				71A7DAA920DB7879003C1F6A /* donutButton.png in Resources */,
				71A7DAAB20DB78AD003C1F6A /* antbutton.png in Resources */,
				71A7DAB120DB78E2003C1F6A /* donut2.png in Resources */,
				71BA569820C7C4A9000147A1 /* Assets.xcassets in Resources */,
				71A7DAAF20DB78D6003C1F6A /* donut.png in Resources */,
				71BA569B20C7C4A9000147A1 /* LaunchScreen.storyboard in Resources */,
				71A7DAB720DB7912003C1F6A /* ant4.png in Resources */,
				71A7DAB320DB78FF003C1F6A /* ant2.png in Resources */,
				71A7DAA720DB7798003C1F6A /* ant.png in Resources */,
				7166A4B820DF34BD0000B69F /* Localizable.strings in Resources */,
				71BA568F20C7C4A8000147A1 /* Actions.sks in Resources */,
				7166A4B320DE503E0000B69F /* share.png in Resources */,
			);
			runOnlyForDeploymentPostprocessing = 0;
		};
		71BA569F20C7C4A9000147A1 /* Resources */ = {
			isa = PBXResourcesBuildPhase;
			buildActionMask = 2147483647;
			files = (
			);
			runOnlyForDeploymentPostprocessing = 0;
		};
		71BA56AA20C7C4A9000147A1 /* Resources */ = {
			isa = PBXResourcesBuildPhase;
			buildActionMask = 2147483647;
			files = (
			);
			runOnlyForDeploymentPostprocessing = 0;
		};
/* End PBXResourcesBuildPhase section */

/* Begin PBXSourcesBuildPhase section */
		71BA568320C7C4A8000147A1 /* Sources */ = {
			isa = PBXSourcesBuildPhase;
			buildActionMask = 2147483647;
			files = (
				71BA569120C7C4A8000147A1 /* GameScene.swift in Sources */,
				71BA569320C7C4A8000147A1 /* GameViewController.swift in Sources */,
				71BA568B20C7C4A8000147A1 /* AppDelegate.swift in Sources */,
			);
			runOnlyForDeploymentPostprocessing = 0;
		};
		71BA569D20C7C4A9000147A1 /* Sources */ = {
			isa = PBXSourcesBuildPhase;
			buildActionMask = 2147483647;
			files = (
				71BA56A620C7C4A9000147A1 /* ANTTests.swift in Sources */,
			);
			runOnlyForDeploymentPostprocessing = 0;
		};
		71BA56A820C7C4A9000147A1 /* Sources */ = {
			isa = PBXSourcesBuildPhase;
			buildActionMask = 2147483647;
			files = (
				71BA56B120C7C4A9000147A1 /* ANTUITests.swift in Sources */,
			);
			runOnlyForDeploymentPostprocessing = 0;
		};
/* End PBXSourcesBuildPhase section */

/* Begin PBXTargetDependency section */
		71BA56A320C7C4A9000147A1 /* PBXTargetDependency */ = {
			isa = PBXTargetDependency;
			target = 71BA568620C7C4A8000147A1 /* ANT */;
			targetProxy = 71BA56A220C7C4A9000147A1 /* PBXContainerItemProxy */;
		};
		71BA56AE20C7C4A9000147A1 /* PBXTargetDependency */ = {
			isa = PBXTargetDependency;
			target = 71BA568620C7C4A8000147A1 /* ANT */;
			targetProxy = 71BA56AD20C7C4A9000147A1 /* PBXContainerItemProxy */;
		};
/* End PBXTargetDependency section */

/* Begin PBXVariantGroup section */
		7166A4BA20DF34BD0000B69F /* Localizable.strings */ = {
			isa = PBXVariantGroup;
			children = (
				7166A4BB20DF352C0000B69F /* Base */,
				7166A4C520DF43420000B69F /* ja */,
			);
			name = Localizable.strings;
			sourceTree = "<group>";
		};
		71BA569420C7C4A8000147A1 /* Main.storyboard */ = {
			isa = PBXVariantGroup;
			children = (
				71BA569520C7C4A8000147A1 /* Base */,
				7166A4C320DF432A0000B69F /* ja */,
			);
			name = Main.storyboard;
			sourceTree = "<group>";
		};
		71BA569920C7C4A9000147A1 /* LaunchScreen.storyboard */ = {
			isa = PBXVariantGroup;
			children = (
				71BA569A20C7C4A9000147A1 /* Base */,
				7166A4C420DF432A0000B69F /* ja */,
			);
			name = LaunchScreen.storyboard;
			sourceTree = "<group>";
		};
/* End PBXVariantGroup section */

/* Begin XCBuildConfiguration section */
		71BA56B320C7C4A9000147A1 /* Debug */ = {
			isa = XCBuildConfiguration;
			buildSettings = {
				ALWAYS_SEARCH_USER_PATHS = NO;
				CLANG_ANALYZER_LOCALIZABILITY_NONLOCALIZED = YES;
				CLANG_ANALYZER_NONNULL = YES;
				CLANG_ANALYZER_NUMBER_OBJECT_CONVERSION = YES_AGGRESSIVE;
				CLANG_CXX_LANGUAGE_STANDARD = "gnu++14";
				CLANG_CXX_LIBRARY = "libc++";
				CLANG_ENABLE_MODULES = YES;
				CLANG_ENABLE_OBJC_ARC = YES;
				CLANG_ENABLE_OBJC_WEAK = YES;
				CLANG_WARN_BLOCK_CAPTURE_AUTORELEASING = YES;
				CLANG_WARN_BOOL_CONVERSION = YES;
				CLANG_WARN_COMMA = YES;
				CLANG_WARN_CONSTANT_CONVERSION = YES;
				CLANG_WARN_DEPRECATED_OBJC_IMPLEMENTATIONS = YES;
				CLANG_WARN_DIRECT_OBJC_ISA_USAGE = YES_ERROR;
				CLANG_WARN_DOCUMENTATION_COMMENTS = YES;
				CLANG_WARN_EMPTY_BODY = YES;
				CLANG_WARN_ENUM_CONVERSION = YES;
				CLANG_WARN_INFINITE_RECURSION = YES;
				CLANG_WARN_INT_CONVERSION = YES;
				CLANG_WARN_NON_LITERAL_NULL_CONVERSION = YES;
				CLANG_WARN_OBJC_IMPLICIT_RETAIN_SELF = YES;
				CLANG_WARN_OBJC_LITERAL_CONVERSION = YES;
				CLANG_WARN_OBJC_ROOT_CLASS = YES_ERROR;
				CLANG_WARN_RANGE_LOOP_ANALYSIS = YES;
				CLANG_WARN_STRICT_PROTOTYPES = YES;
				CLANG_WARN_SUSPICIOUS_MOVE = YES;
				CLANG_WARN_UNGUARDED_AVAILABILITY = YES_AGGRESSIVE;
				CLANG_WARN_UNREACHABLE_CODE = YES;
				CLANG_WARN__DUPLICATE_METHOD_MATCH = YES;
				CODE_SIGN_IDENTITY = "iPhone Developer";
				COPY_PHASE_STRIP = NO;
				DEBUG_INFORMATION_FORMAT = dwarf;
				ENABLE_STRICT_OBJC_MSGSEND = YES;
				ENABLE_TESTABILITY = YES;
				GCC_C_LANGUAGE_STANDARD = gnu11;
				GCC_DYNAMIC_NO_PIC = NO;
				GCC_NO_COMMON_BLOCKS = YES;
				GCC_OPTIMIZATION_LEVEL = 0;
				GCC_PREPROCESSOR_DEFINITIONS = (
					"DEBUG=1",
					"$(inherited)",
				);
				GCC_WARN_64_TO_32_BIT_CONVERSION = YES;
				GCC_WARN_ABOUT_RETURN_TYPE = YES_ERROR;
				GCC_WARN_UNDECLARED_SELECTOR = YES;
				GCC_WARN_UNINITIALIZED_AUTOS = YES_AGGRESSIVE;
				GCC_WARN_UNUSED_FUNCTION = YES;
				GCC_WARN_UNUSED_VARIABLE = YES;
				IPHONEOS_DEPLOYMENT_TARGET = 11.3;
				MTL_ENABLE_DEBUG_INFO = YES;
				ONLY_ACTIVE_ARCH = YES;
				SDKROOT = iphoneos;
				SWIFT_ACTIVE_COMPILATION_CONDITIONS = DEBUG;
				SWIFT_OPTIMIZATION_LEVEL = "-Onone";
			};
			name = Debug;
		};
		71BA56B420C7C4A9000147A1 /* Release */ = {
			isa = XCBuildConfiguration;
			buildSettings = {
				ALWAYS_SEARCH_USER_PATHS = NO;
				CLANG_ANALYZER_LOCALIZABILITY_NONLOCALIZED = YES;
				CLANG_ANALYZER_NONNULL = YES;
				CLANG_ANALYZER_NUMBER_OBJECT_CONVERSION = YES_AGGRESSIVE;
				CLANG_CXX_LANGUAGE_STANDARD = "gnu++14";
				CLANG_CXX_LIBRARY = "libc++";
				CLANG_ENABLE_MODULES = YES;
				CLANG_ENABLE_OBJC_ARC = YES;
				CLANG_ENABLE_OBJC_WEAK = YES;
				CLANG_WARN_BLOCK_CAPTURE_AUTORELEASING = YES;
				CLANG_WARN_BOOL_CONVERSION = YES;
				CLANG_WARN_COMMA = YES;
				CLANG_WARN_CONSTANT_CONVERSION = YES;
				CLANG_WARN_DEPRECATED_OBJC_IMPLEMENTATIONS = YES;
				CLANG_WARN_DIRECT_OBJC_ISA_USAGE = YES_ERROR;
				CLANG_WARN_DOCUMENTATION_COMMENTS = YES;
				CLANG_WARN_EMPTY_BODY = YES;
				CLANG_WARN_ENUM_CONVERSION = YES;
				CLANG_WARN_INFINITE_RECURSION = YES;
				CLANG_WARN_INT_CONVERSION = YES;
				CLANG_WARN_NON_LITERAL_NULL_CONVERSION = YES;
				CLANG_WARN_OBJC_IMPLICIT_RETAIN_SELF = YES;
				CLANG_WARN_OBJC_LITERAL_CONVERSION = YES;
				CLANG_WARN_OBJC_ROOT_CLASS = YES_ERROR;
				CLANG_WARN_RANGE_LOOP_ANALYSIS = YES;
				CLANG_WARN_STRICT_PROTOTYPES = YES;
				CLANG_WARN_SUSPICIOUS_MOVE = YES;
				CLANG_WARN_UNGUARDED_AVAILABILITY = YES_AGGRESSIVE;
				CLANG_WARN_UNREACHABLE_CODE = YES;
				CLANG_WARN__DUPLICATE_METHOD_MATCH = YES;
				CODE_SIGN_IDENTITY = "iPhone Developer";
				COPY_PHASE_STRIP = NO;
				DEBUG_INFORMATION_FORMAT = "dwarf-with-dsym";
				ENABLE_NS_ASSERTIONS = NO;
				ENABLE_STRICT_OBJC_MSGSEND = YES;
				GCC_C_LANGUAGE_STANDARD = gnu11;
				GCC_NO_COMMON_BLOCKS = YES;
				GCC_WARN_64_TO_32_BIT_CONVERSION = YES;
				GCC_WARN_ABOUT_RETURN_TYPE = YES_ERROR;
				GCC_WARN_UNDECLARED_SELECTOR = YES;
				GCC_WARN_UNINITIALIZED_AUTOS = YES_AGGRESSIVE;
				GCC_WARN_UNUSED_FUNCTION = YES;
				GCC_WARN_UNUSED_VARIABLE = YES;
				IPHONEOS_DEPLOYMENT_TARGET = 11.3;
				MTL_ENABLE_DEBUG_INFO = NO;
				SDKROOT = iphoneos;
				SWIFT_COMPILATION_MODE = wholemodule;
				SWIFT_OPTIMIZATION_LEVEL = "-O";
				VALIDATE_PRODUCT = YES;
			};
			name = Release;
		};
		71BA56B620C7C4A9000147A1 /* Debug */ = {
			isa = XCBuildConfiguration;
			buildSettings = {
				ASSETCATALOG_COMPILER_APPICON_NAME = AppIcon;
				CODE_SIGN_STYLE = Automatic;
				DEVELOPMENT_TEAM = 6L5JVQU52Y;
				INFOPLIST_FILE = ANT/Info.plist;
				LD_RUNPATH_SEARCH_PATHS = (
					"$(inherited)",
					"@executable_path/Frameworks",
				);
				NEW_SETTING = "";
				PRODUCT_BUNDLE_IDENTIFIER = HidePelo.ANT;
				PRODUCT_NAME = "$(TARGET_NAME)";
				SWIFT_VERSION = 4.0;
				TARGETED_DEVICE_FAMILY = "1,2";
			};
			name = Debug;
		};
		71BA56B720C7C4A9000147A1 /* Release */ = {
			isa = XCBuildConfiguration;
			buildSettings = {
				ASSETCATALOG_COMPILER_APPICON_NAME = AppIcon;
				CODE_SIGN_STYLE = Automatic;
				DEVELOPMENT_TEAM = 6L5JVQU52Y;
				INFOPLIST_FILE = ANT/Info.plist;
				LD_RUNPATH_SEARCH_PATHS = (
					"$(inherited)",
					"@executable_path/Frameworks",
				);
				NEW_SETTING = "";
				PRODUCT_BUNDLE_IDENTIFIER = HidePelo.ANT;
				PRODUCT_NAME = "$(TARGET_NAME)";
				SWIFT_VERSION = 4.0;
				TARGETED_DEVICE_FAMILY = "1,2";
			};
			name = Release;
		};
		71BA56B920C7C4A9000147A1 /* Debug */ = {
			isa = XCBuildConfiguration;
			buildSettings = {
				ALWAYS_EMBED_SWIFT_STANDARD_LIBRARIES = YES;
				BUNDLE_LOADER = "$(TEST_HOST)";
				CODE_SIGN_STYLE = Automatic;
				INFOPLIST_FILE = ANTTests/Info.plist;
				LD_RUNPATH_SEARCH_PATHS = (
					"$(inherited)",
					"@executable_path/Frameworks",
					"@loader_path/Frameworks",
				);
				PRODUCT_BUNDLE_IDENTIFIER = HidePelo.ANTTests;
				PRODUCT_NAME = "$(TARGET_NAME)";
				SWIFT_VERSION = 4.0;
				TARGETED_DEVICE_FAMILY = "1,2";
				TEST_HOST = "$(BUILT_PRODUCTS_DIR)/ANT.app/ANT";
			};
			name = Debug;
		};
		71BA56BA20C7C4A9000147A1 /* Release */ = {
			isa = XCBuildConfiguration;
			buildSettings = {
				ALWAYS_EMBED_SWIFT_STANDARD_LIBRARIES = YES;
				BUNDLE_LOADER = "$(TEST_HOST)";
				CODE_SIGN_STYLE = Automatic;
				INFOPLIST_FILE = ANTTests/Info.plist;
				LD_RUNPATH_SEARCH_PATHS = (
					"$(inherited)",
					"@executable_path/Frameworks",
					"@loader_path/Frameworks",
				);
				PRODUCT_BUNDLE_IDENTIFIER = HidePelo.ANTTests;
				PRODUCT_NAME = "$(TARGET_NAME)";
				SWIFT_VERSION = 4.0;
				TARGETED_DEVICE_FAMILY = "1,2";
				TEST_HOST = "$(BUILT_PRODUCTS_DIR)/ANT.app/ANT";
			};
			name = Release;
		};
		71BA56BC20C7C4A9000147A1 /* Debug */ = {
			isa = XCBuildConfiguration;
			buildSettings = {
				ALWAYS_EMBED_SWIFT_STANDARD_LIBRARIES = YES;
				CODE_SIGN_STYLE = Automatic;
				INFOPLIST_FILE = ANTUITests/Info.plist;
				LD_RUNPATH_SEARCH_PATHS = (
					"$(inherited)",
					"@executable_path/Frameworks",
					"@loader_path/Frameworks",
				);
				PRODUCT_BUNDLE_IDENTIFIER = HidePelo.ANTUITests;
				PRODUCT_NAME = "$(TARGET_NAME)";
				SWIFT_VERSION = 4.0;
				TARGETED_DEVICE_FAMILY = "1,2";
				TEST_TARGET_NAME = ANT;
			};
			name = Debug;
		};
		71BA56BD20C7C4A9000147A1 /* Release */ = {
			isa = XCBuildConfiguration;
			buildSettings = {
				ALWAYS_EMBED_SWIFT_STANDARD_LIBRARIES = YES;
				CODE_SIGN_STYLE = Automatic;
				INFOPLIST_FILE = ANTUITests/Info.plist;
				LD_RUNPATH_SEARCH_PATHS = (
					"$(inherited)",
					"@executable_path/Frameworks",
					"@loader_path/Frameworks",
				);
				PRODUCT_BUNDLE_IDENTIFIER = HidePelo.ANTUITests;
				PRODUCT_NAME = "$(TARGET_NAME)";
				SWIFT_VERSION = 4.0;
				TARGETED_DEVICE_FAMILY = "1,2";
				TEST_TARGET_NAME = ANT;
			};
			name = Release;
		};
/* End XCBuildConfiguration section */

/* Begin XCConfigurationList section */
		71BA568220C7C4A8000147A1 /* Build configuration list for PBXProject "ANT" */ = {
			isa = XCConfigurationList;
			buildConfigurations = (
				71BA56B320C7C4A9000147A1 /* Debug */,
				71BA56B420C7C4A9000147A1 /* Release */,
			);
			defaultConfigurationIsVisible = 0;
			defaultConfigurationName = Release;
		};
		71BA56B520C7C4A9000147A1 /* Build configuration list for PBXNativeTarget "ANT" */ = {
			isa = XCConfigurationList;
			buildConfigurations = (
				71BA56B620C7C4A9000147A1 /* Debug */,
				71BA56B720C7C4A9000147A1 /* Release */,
			);
			defaultConfigurationIsVisible = 0;
			defaultConfigurationName = Release;
		};
		71BA56B820C7C4A9000147A1 /* Build configuration list for PBXNativeTarget "ANTTests" */ = {
			isa = XCConfigurationList;
			buildConfigurations = (
				71BA56B920C7C4A9000147A1 /* Debug */,
				71BA56BA20C7C4A9000147A1 /* Release */,
			);
			defaultConfigurationIsVisible = 0;
			defaultConfigurationName = Release;
		};
		71BA56BB20C7C4A9000147A1 /* Build configuration list for PBXNativeTarget "ANTUITests" */ = {
			isa = XCConfigurationList;
			buildConfigurations = (
				71BA56BC20C7C4A9000147A1 /* Debug */,
				71BA56BD20C7C4A9000147A1 /* Release */,
			);
			defaultConfigurationIsVisible = 0;
			defaultConfigurationName = Release;
		};
/* End XCConfigurationList section */
	};
	rootObject = 71BA567F20C7C4A8000147A1 /* Project object */;
}
